version = 1
revision = 2
requires-python = ">=3.7"
resolution-markers = [
    "python_full_version >= '3.10'",
    "python_full_version == '3.9.*'",
    "python_full_version == '3.8.*'",
    "python_full_version < '3.8'",
]

[[package]]
name = "cli-tools"
version = "0.2.6"
source = { editable = "." }

[package.dev-dependencies]
dev = [
    { name = "isort", version = "5.11.5", source = { registry = "https://pypi.org/simple" }, marker = "python_full_version < '3.8'" },
    { name = "isort", version = "5.13.2", source = { registry = "https://pypi.org/simple" }, marker = "python_full_version == '3.8.*'" },
    { name = "isort", version = "6.1.0", source = { registry = "https://pypi.org/simple" }, marker = "python_full_version == '3.9.*'" },
    { name = "isort", version = "7.0.0", source = { registry = "https://pypi.org/simple" }, marker = "python_full_version >= '3.10'" },
]

[package.metadata]

[package.metadata.requires-dev]
dev = [{ name = "isort", specifier = ">=5.11.5" }]

[[package]]
name = "importlib-metadata"
version = "8.7.0"
source = { registry = "https://pypi.org/simple" }
dependencies = [
    { name = "zipp", marker = "python_full_version == '3.9.*'" },
]
sdist = { url = "https://files.pythonhosted.org/packages/76/66/650a33bd90f786193e4de4b3ad86ea60b53c89b669a5c7be931fac31cdb0/importlib_metadata-8.7.0.tar.gz", hash = "sha256:d13b81ad223b890aa16c5471f2ac3056cf76c5f10f82d6f9292f0b415f389000", size = 56641, upload-time = "2025-04-27T15:29:01.736Z" }
wheels = [
    { url = "https://files.pythonhosted.org/packages/20/b0/36bd937216ec521246249be3bf9855081de4c5e06a0c9b4219dbeda50373/importlib_metadata-8.7.0-py3-none-any.whl", hash = "sha256:e5dd1551894c77868a30651cef00984d50e1002d06942a7101d34870c5f02afd", size = 27656, upload-time = "2025-04-27T15:29:00.214Z" },
]

[[package]]
name = "isort"
version = "5.11.5"
source = { registry = "https://pypi.org/simple" }
resolution-markers = [
    "python_full_version < '3.8'",
]
sdist = { url = "https://files.pythonhosted.org/packages/67/63/18cc5c2f9084d3f91ce704f2b5c8e17bedd777244e7732c21a31992b0a78/isort-5.11.5.tar.gz", hash = "sha256:6be1f76a507cb2ecf16c7cf14a37e41609ca082330be4e3436a18ef74add55db", size = 187953, upload-time = "2023-01-30T09:45:12.146Z" }
wheels = [
    { url = "https://files.pythonhosted.org/packages/5f/f6/c55db45970fbd14de6ab72082f1b8a143c3a69aa031c1e0dd4b9ecc8d496/isort-5.11.5-py3-none-any.whl", hash = "sha256:ba1d72fb2595a01c7895a5128f9585a5cc4b6d395f1c8d514989b9a7eb2a8746", size = 104094, upload-time = "2023-01-30T09:45:09.902Z" },
]

[[package]]
name = "isort"
version = "5.13.2"
source = { registry = "https://pypi.org/simple" }
resolution-markers = [
    "python_full_version == '3.8.*'",
]
sdist = { url = "https://files.pythonhosted.org/packages/87/f9/c1eb8635a24e87ade2efce21e3ce8cd6b8630bb685ddc9cdaca1349b2eb5/isort-5.13.2.tar.gz", hash = "sha256:48fdfcb9face5d58a4f6dde2e72a1fb8dcaf8ab26f95ab49fab84c2ddefb0109", size = 175303, upload-time = "2023-12-13T20:37:26.124Z" }
wheels = [
    { url = "https://files.pythonhosted.org/packages/d1/b3/8def84f539e7d2289a02f0524b944b15d7c75dab7628bedf1c4f0992029c/isort-5.13.2-py3-none-any.whl", hash = "sha256:8ca5e72a8d85860d5a3fa69b8745237f2939afe12dbf656afbcb47fe72d947a6", size = 92310, upload-time = "2023-12-13T20:37:23.244Z" },
]

[[package]]
name = "isort"
version = "6.1.0"
source = { registry = "https://pypi.org/simple" }
resolution-markers = [
    "python_full_version == '3.9.*'",
]
dependencies = [
    { name = "importlib-metadata", marker = "python_full_version == '3.9.*'" },
]
sdist = { url = "https://files.pythonhosted.org/packages/1e/82/fa43935523efdfcce6abbae9da7f372b627b27142c3419fcf13bf5b0c397/isort-6.1.0.tar.gz", hash = "sha256:9b8f96a14cfee0677e78e941ff62f03769a06d412aabb9e2a90487b3b7e8d481", size = 824325, upload-time = "2025-10-01T16:26:45.027Z" }
wheels = [
    { url = "https://files.pythonhosted.org/packages/7f/cc/9b681a170efab4868a032631dea1e8446d8ec718a7f657b94d49d1a12643/isort-6.1.0-py3-none-any.whl", hash = "sha256:58d8927ecce74e5087aef019f778d4081a3b6c98f15a80ba35782ca8a2097784", size = 94329, upload-time = "2025-10-01T16:26:43.291Z" },
]

[[package]]
name = "isort"
version = "7.0.0"
source = { registry = "https://pypi.org/simple" }
resolution-markers = [
    "python_full_version >= '3.10'",
]
sdist = { url = "https://files.pythonhosted.org/packages/63/53/4f3c058e3bace40282876f9b553343376ee687f3c35a525dc79dbd450f88/isort-7.0.0.tar.gz", hash = "sha256:5513527951aadb3ac4292a41a16cbc50dd1642432f5e8c20057d414bdafb4187", size = 805049, upload-time = "2025-10-11T13:30:59.107Z" }
wheels = [
    { url = "https://files.pythonhosted.org/packages/7f/ed/e3705d6d02b4f7aea715a353c8ce193efd0b5db13e204df895d38734c244/isort-7.0.0-py3-none-any.whl", hash = "sha256:1bcabac8bc3c36c7fb7b98a76c8abb18e0f841a3ba81decac7691008592499c1", size = 94672, upload-time = "2025-10-11T13:30:57.665Z" },
]

[[package]]
name = "zipp"
version = "3.23.0"
source = { registry = "https://pypi.org/simple" }
sdist = { url = "https://files.pythonhosted.org/packages/e3/02/0f2892c661036d50ede074e376733dca2ae7c6eb617489437771209d4180/zipp-3.23.0.tar.gz", hash = "sha256:a07157588a12518c9d4034df3fbbee09c814741a33ff63c05fa29d26a2404166", size = 25547, upload-time = "2025-06-08T17:06:39.4Z" }
wheels = [
    { url = "https://files.pythonhosted.org/packages/2e/54/647ade08bf0db230bfea292f893923872fd20be6ac6f53b2b936ba839d75/zipp-3.23.0-py3-none-any.whl", hash = "sha256:071652d6115ed432f5ce1d34c336c0adfd6a884660d1e9712a256d3d3bd4b14e", size = 10276, upload-time = "2025-06-08T17:06:38.034Z" },
]
