version = 1
revision = 1
requires-python = ">=3.7"
resolution-markers = [
    "python_full_version >= '3.8'",
    "python_full_version < '3.8'",
]

[[package]]
name = "cli-tools"
version = "0.1.0"
source = { editable = "." }
dependencies = [
    { name = "pathspec", version = "0.11.2", source = { registry = "https://pypi.org/simple" }, marker = "python_full_version < '3.8'" },
    { name = "pathspec", version = "0.12.1", source = { registry = "https://pypi.org/simple" }, marker = "python_full_version >= '3.8'" },
]

[package.metadata]
requires-dist = [{ name = "pathspec", specifier = ">=0.11.2" }]

[[package]]
name = "pathspec"
version = "0.11.2"
source = { registry = "https://pypi.org/simple" }
resolution-markers = [
    "python_full_version < '3.8'",
]
sdist = { url = "https://files.pythonhosted.org/packages/a0/2a/bd167cdf116d4f3539caaa4c332752aac0b3a0cc0174cdb302ee68933e81/pathspec-0.11.2.tar.gz", hash = "sha256:e0d8d0ac2f12da61956eb2306b69f9469b42f4deb0f3cb6ed47b9cce9996ced3", size = 47032 }
wheels = [
    { url = "https://files.pythonhosted.org/packages/b4/2a/9b1be29146139ef459188f5e420a66e835dda921208db600b7037093891f/pathspec-0.11.2-py3-none-any.whl", hash = "sha256:1d6ed233af05e679efb96b1851550ea95bbb64b7c490b0f5aa52996c11e92a20", size = 29603 },
]

[[package]]
name = "pathspec"
version = "0.12.1"
source = { registry = "https://pypi.org/simple" }
resolution-markers = [
    "python_full_version >= '3.8'",
]
sdist = { url = "https://files.pythonhosted.org/packages/ca/bc/f35b8446f4531a7cb215605d100cd88b7ac6f44ab3fc94870c120ab3adbf/pathspec-0.12.1.tar.gz", hash = "sha256:a482d51503a1ab33b1c67a6c3813a26953dbdc71c31dacaef9a838c4e29f5712", size = 51043 }
wheels = [
    { url = "https://files.pythonhosted.org/packages/cc/20/ff623b09d963f88bfde16306a54e12ee5ea43e9b597108672ff3a408aad6/pathspec-0.12.1-py3-none-any.whl", hash = "sha256:a0d503e138a4c123b27490a4f7beda6a01c6f288df0e4a8b79c7eb0dc7b4cc08", size = 31191 },
]
